
Microsoft Visual Studio Solution File, Format Version 12.00
# Visual Studio Version 16
VisualStudioVersion = 16.0.31729.503
MinimumVisualStudioVersion = 10.0.40219.1
Project("{FAE04EC0-301F-11D3-BF4B-00C04F79EFBC}") = "GraphicsParser", "GraphicsParser\GraphicsParser.csproj", "{5588C79D-A756-4400-AF3B-63700E0A61BF}"
EndProject
Global
	GlobalSection(SolutionConfigurationPlatforms) = preSolution
		Debug|Any CPU = Debug|Any CPU
		Release|Any CPU = Release|Any CPU
	EndGlobalSection
	GlobalSection(ProjectConfigurationPlatforms) = postSolution
		{5588C79D-A756-4400-AF3B-63700E0A61BF}.Debug|Any CPU.ActiveCfg = Debug|Any CPU
		{5588C79D-A756-4400-AF3B-63700E0A61BF}.Debug|Any CPU.Build.0 = Debug|Any CPU
		{5588C79D-A756-4400-AF3B-63700E0A61BF}.Release|Any CPU.ActiveCfg = Release|Any CPU
		{5588C79D-A756-4400-AF3B-63700E0A61BF}.Release|Any CPU.Build.0 = Release|Any CPU
	EndGlobalSection
	GlobalSection(SolutionProperties) = preSolution
		HideSolutionNode = FALSE
	EndGlobalSection
	GlobalSection(ExtensibilityGlobals) = postSolution
		SolutionGuid = {9443578D-6411-49A1-971F-C5D0C9BA2513}
	EndGlobalSection
EndGlobal
