
Microsoft Visual Studio Solution File, Format Version 12.00
# Visual Studio Version 17
VisualStudioVersion = 17.4.33122.133
MinimumVisualStudioVersion = 10.0.40219.1
Project("{FAE04EC0-301F-11D3-BF4B-00C04F79EFBC}") = "RuleRename", "RuleRename\RuleRename.csproj", "{FF151F33-AACE-426F-B728-EEB03D832717}"
EndProject
Global
	GlobalSection(SolutionConfigurationPlatforms) = preSolution
		Debug|Any CPU = Debug|Any CPU
		Release|Any CPU = Release|Any CPU
	EndGlobalSection
	GlobalSection(ProjectConfigurationPlatforms) = postSolution
		{FF151F33-AACE-426F-B728-EEB03D832717}.Debug|Any CPU.ActiveCfg = Debug|Any CPU
		{FF151F33-AACE-426F-B728-EEB03D832717}.Debug|Any CPU.Build.0 = Debug|Any CPU
		{FF151F33-AACE-426F-B728-EEB03D832717}.Release|Any CPU.ActiveCfg = Release|Any CPU
		{FF151F33-AACE-426F-B728-EEB03D832717}.Release|Any CPU.Build.0 = Release|Any CPU
	EndGlobalSection
	GlobalSection(SolutionProperties) = preSolution
		HideSolutionNode = FALSE
	EndGlobalSection
	GlobalSection(ExtensibilityGlobals) = postSolution
		SolutionGuid = {65D72D4F-70EB-4BFC-9BDF-C6A480856ACF}
	EndGlobalSection
EndGlobal
