
Microsoft Visual Studio Solution File, Format Version 12.00
# Visual Studio Version 16
VisualStudioVersion = 16.0.31729.503
MinimumVisualStudioVersion = 10.0.40219.1
Project("{FAE04EC0-301F-11D3-BF4B-00C04F79EFBC}") = "KTPM_W4", "KTPM_W4\KTPM_W4.csproj", "{8902E3E6-7230-4DB3-A73A-6FC2850C306B}"
EndProject
Global
	GlobalSection(SolutionConfigurationPlatforms) = preSolution
		Debug|Any CPU = Debug|Any CPU
		Release|Any CPU = Release|Any CPU
	EndGlobalSection
	GlobalSection(ProjectConfigurationPlatforms) = postSolution
		{8902E3E6-7230-4DB3-A73A-6FC2850C306B}.Debug|Any CPU.ActiveCfg = Debug|Any CPU
		{8902E3E6-7230-4DB3-A73A-6FC2850C306B}.Debug|Any CPU.Build.0 = Debug|Any CPU
		{8902E3E6-7230-4DB3-A73A-6FC2850C306B}.Release|Any CPU.ActiveCfg = Release|Any CPU
		{8902E3E6-7230-4DB3-A73A-6FC2850C306B}.Release|Any CPU.Build.0 = Release|Any CPU
	EndGlobalSection
	GlobalSection(SolutionProperties) = preSolution
		HideSolutionNode = FALSE
	EndGlobalSection
	GlobalSection(ExtensibilityGlobals) = postSolution
		SolutionGuid = {017817B6-3A3F-4E0E-84BF-1B302C11F420}
	EndGlobalSection
EndGlobal
