
Microsoft Visual Studio Solution File, Format Version 12.00
# Visual Studio Version 16
VisualStudioVersion = 16.0.30225.117
MinimumVisualStudioVersion = 10.0.40219.1
Project("{8BC9CEB8-8B4A-11D0-8D11-00A0C91BC942}") = "EnglishVocabulary", "EnglishVocabulary\EnglishVocabulary.vcxproj", "{DB954957-331A-43BB-8D8B-8183911EB45A}"
EndProject
Global
	GlobalSection(SolutionConfigurationPlatforms) = preSolution
		Debug|x64 = Debug|x64
		Debug|x86 = Debug|x86
		Release|x64 = Release|x64
		Release|x86 = Release|x86
	EndGlobalSection
	GlobalSection(ProjectConfigurationPlatforms) = postSolution
		{DB954957-331A-43BB-8D8B-8183911EB45A}.Debug|x64.ActiveCfg = Debug|x64
		{DB954957-331A-43BB-8D8B-8183911EB45A}.Debug|x64.Build.0 = Debug|x64
		{DB954957-331A-43BB-8D8B-8183911EB45A}.Debug|x86.ActiveCfg = Debug|Win32
		{DB954957-331A-43BB-8D8B-8183911EB45A}.Debug|x86.Build.0 = Debug|Win32
		{DB954957-331A-43BB-8D8B-8183911EB45A}.Release|x64.ActiveCfg = Release|x64
		{DB954957-331A-43BB-8D8B-8183911EB45A}.Release|x64.Build.0 = Release|x64
		{DB954957-331A-43BB-8D8B-8183911EB45A}.Release|x86.ActiveCfg = Release|Win32
		{DB954957-331A-43BB-8D8B-8183911EB45A}.Release|x86.Build.0 = Release|Win32
	EndGlobalSection
	GlobalSection(SolutionProperties) = preSolution
		HideSolutionNode = FALSE
	EndGlobalSection
	GlobalSection(ExtensibilityGlobals) = postSolution
		SolutionGuid = {FC9D507E-189A-449E-943D-F1FD50C03B9F}
	EndGlobalSection
EndGlobal
