
Microsoft Visual Studio Solution File, Format Version 12.00
# Visual Studio Version 16
VisualStudioVersion = 16.0.31729.503
MinimumVisualStudioVersion = 10.0.40219.1
Project("{FAE04EC0-301F-11D3-BF4B-00C04F79EFBC}") = "KTPM_W2", "KTPM_W2\KTPM_W2.csproj", "{FA15903B-783F-4E46-8CE7-59EC838CD818}"
EndProject
Global
	GlobalSection(SolutionConfigurationPlatforms) = preSolution
		Debug|Any CPU = Debug|Any CPU
		Release|Any CPU = Release|Any CPU
	EndGlobalSection
	GlobalSection(ProjectConfigurationPlatforms) = postSolution
		{FA15903B-783F-4E46-8CE7-59EC838CD818}.Debug|Any CPU.ActiveCfg = Debug|Any CPU
		{FA15903B-783F-4E46-8CE7-59EC838CD818}.Debug|Any CPU.Build.0 = Debug|Any CPU
		{FA15903B-783F-4E46-8CE7-59EC838CD818}.Release|Any CPU.ActiveCfg = Release|Any CPU
		{FA15903B-783F-4E46-8CE7-59EC838CD818}.Release|Any CPU.Build.0 = Release|Any CPU
	EndGlobalSection
	GlobalSection(SolutionProperties) = preSolution
		HideSolutionNode = FALSE
	EndGlobalSection
	GlobalSection(ExtensibilityGlobals) = postSolution
		SolutionGuid = {BE5FAE03-023E-4056-B3B4-16B2DBBFE491}
	EndGlobalSection
EndGlobal
