
Microsoft Visual Studio Solution File, Format Version 12.00
# Visual Studio Version 16
VisualStudioVersion = 16.0.31729.503
MinimumVisualStudioVersion = 10.0.40219.1
Project("{FAE04EC0-301F-11D3-BF4B-00C04F79EFBC}") = "AbstractFactoryDemo", "AbstractFactoryDemo\AbstractFactoryDemo.csproj", "{2E86B8F1-DFE1-4A3D-8D7F-90EB249D5A26}"
EndProject
Project("{FAE04EC0-301F-11D3-BF4B-00C04F79EFBC}") = "Contract", "Contract\Contract.csproj", "{02E8D776-DBCE-4C9A-AC66-3441B60BBECE}"
EndProject
Project("{FAE04EC0-301F-11D3-BF4B-00C04F79EFBC}") = "Entity", "Entity\Entity.csproj", "{6B74F4DE-E260-4FEA-984D-7BC9AA4F212F}"
EndProject
Global
	GlobalSection(SolutionConfigurationPlatforms) = preSolution
		Debug|Any CPU = Debug|Any CPU
		Release|Any CPU = Release|Any CPU
	EndGlobalSection
	GlobalSection(ProjectConfigurationPlatforms) = postSolution
		{2E86B8F1-DFE1-4A3D-8D7F-90EB249D5A26}.Debug|Any CPU.ActiveCfg = Debug|Any CPU
		{2E86B8F1-DFE1-4A3D-8D7F-90EB249D5A26}.Debug|Any CPU.Build.0 = Debug|Any CPU
		{2E86B8F1-DFE1-4A3D-8D7F-90EB249D5A26}.Release|Any CPU.ActiveCfg = Release|Any CPU
		{2E86B8F1-DFE1-4A3D-8D7F-90EB249D5A26}.Release|Any CPU.Build.0 = Release|Any CPU
		{02E8D776-DBCE-4C9A-AC66-3441B60BBECE}.Debug|Any CPU.ActiveCfg = Debug|Any CPU
		{02E8D776-DBCE-4C9A-AC66-3441B60BBECE}.Debug|Any CPU.Build.0 = Debug|Any CPU
		{02E8D776-DBCE-4C9A-AC66-3441B60BBECE}.Release|Any CPU.ActiveCfg = Release|Any CPU
		{02E8D776-DBCE-4C9A-AC66-3441B60BBECE}.Release|Any CPU.Build.0 = Release|Any CPU
		{6B74F4DE-E260-4FEA-984D-7BC9AA4F212F}.Debug|Any CPU.ActiveCfg = Debug|Any CPU
		{6B74F4DE-E260-4FEA-984D-7BC9AA4F212F}.Debug|Any CPU.Build.0 = Debug|Any CPU
		{6B74F4DE-E260-4FEA-984D-7BC9AA4F212F}.Release|Any CPU.ActiveCfg = Release|Any CPU
		{6B74F4DE-E260-4FEA-984D-7BC9AA4F212F}.Release|Any CPU.Build.0 = Release|Any CPU
	EndGlobalSection
	GlobalSection(SolutionProperties) = preSolution
		HideSolutionNode = FALSE
	EndGlobalSection
	GlobalSection(ExtensibilityGlobals) = postSolution
		SolutionGuid = {34F2BFD0-EED5-4500-BF82-A2EC284984CA}
	EndGlobalSection
EndGlobal
