
Microsoft Visual Studio Solution File, Format Version 12.00
# Visual Studio Version 16
VisualStudioVersion = 16.0.31729.503
MinimumVisualStudioVersion = 10.0.40219.1
Project("{9A19103F-16F7-4668-BE54-9A1E7A4F7556}") = "Project Paint", "Project Paint\Project Paint.csproj", "{38ADA04E-DB4B-4B53-8C0D-118CA0457B8E}"
EndProject
Project("{9A19103F-16F7-4668-BE54-9A1E7A4F7556}") = "Contract", "Contract\Contract.csproj", "{D39602DB-824E-48F1-AD84-CC0BEFE48BC8}"
EndProject
Project("{9A19103F-16F7-4668-BE54-9A1E7A4F7556}") = "Line2D", "Line2D\Line2D.csproj", "{9E60FC67-B65B-4BC9-9FB6-507202CF3808}"
EndProject
Global
	GlobalSection(SolutionConfigurationPlatforms) = preSolution
		Debug|Any CPU = Debug|Any CPU
		Release|Any CPU = Release|Any CPU
	EndGlobalSection
	GlobalSection(ProjectConfigurationPlatforms) = postSolution
		{38ADA04E-DB4B-4B53-8C0D-118CA0457B8E}.Debug|Any CPU.ActiveCfg = Debug|Any CPU
		{38ADA04E-DB4B-4B53-8C0D-118CA0457B8E}.Debug|Any CPU.Build.0 = Debug|Any CPU
		{38ADA04E-DB4B-4B53-8C0D-118CA0457B8E}.Release|Any CPU.ActiveCfg = Release|Any CPU
		{38ADA04E-DB4B-4B53-8C0D-118CA0457B8E}.Release|Any CPU.Build.0 = Release|Any CPU
		{D39602DB-824E-48F1-AD84-CC0BEFE48BC8}.Debug|Any CPU.ActiveCfg = Debug|Any CPU
		{D39602DB-824E-48F1-AD84-CC0BEFE48BC8}.Debug|Any CPU.Build.0 = Debug|Any CPU
		{D39602DB-824E-48F1-AD84-CC0BEFE48BC8}.Release|Any CPU.ActiveCfg = Release|Any CPU
		{D39602DB-824E-48F1-AD84-CC0BEFE48BC8}.Release|Any CPU.Build.0 = Release|Any CPU
		{9E60FC67-B65B-4BC9-9FB6-507202CF3808}.Debug|Any CPU.ActiveCfg = Debug|Any CPU
		{9E60FC67-B65B-4BC9-9FB6-507202CF3808}.Debug|Any CPU.Build.0 = Debug|Any CPU
		{9E60FC67-B65B-4BC9-9FB6-507202CF3808}.Release|Any CPU.ActiveCfg = Release|Any CPU
		{9E60FC67-B65B-4BC9-9FB6-507202CF3808}.Release|Any CPU.Build.0 = Release|Any CPU
	EndGlobalSection
	GlobalSection(SolutionProperties) = preSolution
		HideSolutionNode = FALSE
	EndGlobalSection
	GlobalSection(ExtensibilityGlobals) = postSolution
		SolutionGuid = {6701F0A5-A635-4244-AA29-F9BF1EC7C123}
	EndGlobalSection
EndGlobal
